
Microsoft Visual Studio Solution File, Format Version 12.00
# Visual Studio 14
VisualStudioVersion = 14.0.25420.1
MinimumVisualStudioVersion = 10.0.40219.1
Project("{FAE04EC0-301F-11D3-BF4B-00C04F79EFBC}") = "Week3_Task13", "Week3_Task13\Week3_Task13.csproj", "{33ACB23C-5322-47A5-8ED9-6F22A2AD105F}"
EndProject
Global
	GlobalSection(SolutionConfigurationPlatforms) = preSolution
		Debug|Any CPU = Debug|Any CPU
		Release|Any CPU = Release|Any CPU
	EndGlobalSection
	GlobalSection(ProjectConfigurationPlatforms) = postSolution
		{33ACB23C-5322-47A5-8ED9-6F22A2AD105F}.Debug|Any CPU.ActiveCfg = Debug|Any CPU
		{33ACB23C-5322-47A5-8ED9-6F22A2AD105F}.Debug|Any CPU.Build.0 = Debug|Any CPU
		{33ACB23C-5322-47A5-8ED9-6F22A2AD105F}.Release|Any CPU.ActiveCfg = Release|Any CPU
		{33ACB23C-5322-47A5-8ED9-6F22A2AD105F}.Release|Any CPU.Build.0 = Release|Any CPU
	EndGlobalSection
	GlobalSection(SolutionProperties) = preSolution
		HideSolutionNode = FALSE
	EndGlobalSection
EndGlobal
