
Microsoft Visual Studio Solution File, Format Version 12.00
# Visual Studio 2012
Project("{FAE04EC0-301F-11D3-BF4B-00C04F79EFBC}") = "Event_Training_1", "Event_Training_1.csproj", "{4A9D7A6E-6352-4267-B365-EE0B973F38C2}"
EndProject
Global
	GlobalSection(SolutionConfigurationPlatforms) = preSolution
		Debug|x86 = Debug|x86
		Release|x86 = Release|x86
	EndGlobalSection
	GlobalSection(ProjectConfigurationPlatforms) = postSolution
		{4A9D7A6E-6352-4267-B365-EE0B973F38C2}.Debug|x86.ActiveCfg = Debug|x86
		{4A9D7A6E-6352-4267-B365-EE0B973F38C2}.Debug|x86.Build.0 = Debug|x86
		{4A9D7A6E-6352-4267-B365-EE0B973F38C2}.Release|x86.ActiveCfg = Release|x86
		{4A9D7A6E-6352-4267-B365-EE0B973F38C2}.Release|x86.Build.0 = Release|x86
	EndGlobalSection
EndGlobal
