
Microsoft Visual Studio Solution File, Format Version 12.00
# Visual Studio 2012
Project("{FAE04EC0-301F-11D3-BF4B-00C04F79EFBC}") = "Event_Training_2", "Event_Training_2.csproj", "{E63EB5E2-B319-442F-8440-9358DF673087}"
EndProject
Global
	GlobalSection(SolutionConfigurationPlatforms) = preSolution
		Debug|x86 = Debug|x86
		Release|x86 = Release|x86
	EndGlobalSection
	GlobalSection(ProjectConfigurationPlatforms) = postSolution
		{E63EB5E2-B319-442F-8440-9358DF673087}.Debug|x86.ActiveCfg = Debug|x86
		{E63EB5E2-B319-442F-8440-9358DF673087}.Debug|x86.Build.0 = Debug|x86
		{E63EB5E2-B319-442F-8440-9358DF673087}.Release|x86.ActiveCfg = Release|x86
		{E63EB5E2-B319-442F-8440-9358DF673087}.Release|x86.Build.0 = Release|x86
	EndGlobalSection
EndGlobal
